
Microsoft Visual Studio Solution File, Format Version 12.00
# Visual Studio Version 17
VisualStudioVersion = 17.10.35013.160
MinimumVisualStudioVersion = 10.0.40219.1
Project("{FAE04EC0-301F-11D3-BF4B-00C04F79EFBC}") = "RentalPortal", "RentalPortal\RentalPortal.csproj", "{FA686CC3-E061-482A-8DE6-B958FEC2621F}"
EndProject
Global
	GlobalSection(SolutionConfigurationPlatforms) = preSolution
		Debug|Any CPU = Debug|Any CPU
		Release|Any CPU = Release|Any CPU
	EndGlobalSection
	GlobalSection(ProjectConfigurationPlatforms) = postSolution
		{FA686CC3-E061-482A-8DE6-B958FEC2621F}.Debug|Any CPU.ActiveCfg = Debug|Any CPU
		{FA686CC3-E061-482A-8DE6-B958FEC2621F}.Debug|Any CPU.Build.0 = Debug|Any CPU
		{FA686CC3-E061-482A-8DE6-B958FEC2621F}.Release|Any CPU.ActiveCfg = Release|Any CPU
		{FA686CC3-E061-482A-8DE6-B958FEC2621F}.Release|Any CPU.Build.0 = Release|Any CPU
	EndGlobalSection
	GlobalSection(SolutionProperties) = preSolution
		HideSolutionNode = FALSE
	EndGlobalSection
	GlobalSection(ExtensibilityGlobals) = postSolution
		SolutionGuid = {FDF9E5E3-5170-4D13-9BCC-914494A6B375}
	EndGlobalSection
EndGlobal
